{
  "name": "codexmate",
  "version": "0.0.1",
  "lockfileVersion": 3,
  "requires": true,
  "packages": {
    "": {
      "name": "codexmate",
      "version": "0.0.1",
      "license": "Apache-2.0",
      "dependencies": {
        "@iarna/toml": "^2.2.5"
      },
      "bin": {
        "codexmate": "cli.js"
      },
      "engines": {
        "node": ">=14"
      }
    },
    "node_modules/@iarna/toml": {
      "version": "2.2.5",
      "resolved": "https://registry.npmmirror.com/@iarna/toml/-/toml-2.2.5.tgz",
      "integrity": "sha512-trnsAYxU3xnS1gPHPyU961coFyLkh4gAD/0zQ5mymY4yOZ+CYvsPqUbOFSw0aDM4y0tV7tiFxL/1XfXPNC6IPg==",
      "license": "ISC"
    }
  }
}
