{
  "name": "codexmate",
  "version": "0.0.5",
  "lockfileVersion": 3,
  "requires": true,
  "packages": {
    "": {
      "name": "codexmate",
      "version": "0.0.5",
      "license": "Apache-2.0",
      "dependencies": {
        "@iarna/toml": "^2.2.5",
        "json5": "^2.2.3"
      },
      "bin": {
        "codexmate": "cli.js"
      },
      "engines": {
        "node": ">=14"
      }
    },
    "node_modules/@iarna/toml": {
      "version": "2.2.5",
      "resolved": "https://registry.npmmirror.com/@iarna/toml/-/toml-2.2.5.tgz",
      "integrity": "sha512-trnsAYxU3xnS1gPHPyU961coFyLkh4gAD/0zQ5mymY4yOZ+CYvsPqUbOFSw0aDM4y0tV7tiFxL/1XfXPNC6IPg==",
      "license": "ISC"
    },
    "node_modules/json5": {
      "version": "2.2.3",
      "resolved": "https://registry.npmmirror.com/json5/-/json5-2.2.3.tgz",
      "integrity": "sha512-XmOWe7eyHYH14cLdVPoyg+GOH3rYX++KpzrylJwSW98t3Nk+U8XOl8FWKOgwtzdb8lXGf6zYwDUzeHMWfxasyg==",
      "license": "MIT",
      "bin": {
        "json5": "lib/cli.js"
      },
      "engines": {
        "node": ">=6"
      }
    }
  }
}
